{
  "version": 1,
  "dependencies": {
    "net8.0": {
      "Microsoft.ClearScript.Core": {
        "type": "Transitive",
        "resolved": "7.5.1.1",
        "contentHash": "H3R4OaqQPfwxewnZcvTU6qUFyzJ05FchBD4IlO6Z0WO3iWh8PyAWHDcnt4FUmo/t0m40o8rkgnJ7g9pDT7pwJQ==",
        "dependencies": {
          "Microsoft.Win32.Registry": "5.0.0"
        }
      },
      "Microsoft.ClearScript.V8": {
        "type": "Transitive",
        "resolved": "7.5.1.1",
        "contentHash": "oEJxEMqzzC8XYE9kA1ajmfmloAuSlNIzNyrIfwROXkKjfeePptvUT22MqHfV6rRV4//B7XShlq7VM6o2ZM1eZQ==",
        "dependencies": {
          "Microsoft.ClearScript.Core": "7.5.1.1",
          "Microsoft.ClearScript.V8.ICUData": "7.5.1.1",
          "Newtonsoft.Json": "13.0.3"
        }
      },
      "Microsoft.ClearScript.V8.ICUData": {
        "type": "Transitive",
        "resolved": "7.5.1.1",
        "contentHash": "Jg3yFIWPkfsjOHzVUTbA0VgnxXBtX9BwSL00E8HIljFm3f203e+mlJYO0tTHnqetA0xZyLKbRjRuPotUP/47Nw==",
        "dependencies": {
          "System.Text.RegularExpressions": "4.3.1"
        }
      },
      "Microsoft.ClearScript.V8.Native.win-x64": {
        "type": "Transitive",
        "resolved": "7.5.1.1",
        "contentHash": "N79bR+RG7FD8wv/tdXZuOLDx3YAQ+mSB5P0gcUNMGEFO4DljRSPlJcEzHLrPvrlPzNnc3aV6Rx2v5V3qordPJg=="
      },
      "Microsoft.NETCore.Platforms": {
        "type": "Transitive",
        "resolved": "5.0.0",
        "contentHash": "VyPlqzH2wavqquTcYpkIIAQ6WdenuKoFN0BdYBbCWsclXacSOHNQn66Gt4z5NBqEYW0FAPm5rlvki9ZiCij5xQ=="
      },
      "Microsoft.NETCore.Targets": {
        "type": "Transitive",
        "resolved": "1.1.3",
        "contentHash": "3Wrmi0kJDzClwAC+iBdUBpEKmEle8FQNsCs77fkiOIw/9oYA07bL1EZNX0kQ2OMN3xpwvl0vAtOCYY3ndDNlhQ=="
      },
      "Microsoft.Win32.Registry": {
        "type": "Transitive",
        "resolved": "5.0.0",
        "contentHash": "dDoKi0PnDz31yAyETfRntsLArTlVAVzUzCIvvEDsDsucrl33Dl8pIJG06ePTJTI3tGpeyHS9Cq7Foc/s4EeKcg==",
        "dependencies": {
          "System.Security.AccessControl": "5.0.0",
          "System.Security.Principal.Windows": "5.0.0"
        }
      },
      "Newtonsoft.Json": {
        "type": "Transitive",
        "resolved": "13.0.3",
        "contentHash": "HrC5BXdl00IP9zeV+0Z848QWPAoCr9P3bDEZguI+gkLcBKAOxix/tLEAAHC+UvDNPv4a2d18lOReHMOagPa+zQ=="
      },
      "System.Runtime": {
        "type": "Transitive",
        "resolved": "4.3.1",
        "contentHash": "abhfv1dTK6NXOmu4bgHIONxHyEqFjW8HwXPmpY9gmll+ix9UNo4XDcmzJn6oLooftxNssVHdJC1pGT9jkSynQg==",
        "dependencies": {
          "Microsoft.NETCore.Platforms": "1.1.1",
          "Microsoft.NETCore.Targets": "1.1.3"
        }
      },
      "System.Security.AccessControl": {
        "type": "Transitive",
        "resolved": "5.0.0",
        "contentHash": "dagJ1mHZO3Ani8GH0PHpPEe/oYO+rVdbQjvjJkBRNQkX4t0r1iaeGn8+/ybkSLEan3/slM0t59SVdHzuHf2jmw==",
        "dependencies": {
          "Microsoft.NETCore.Platforms": "5.0.0",
          "System.Security.Principal.Windows": "5.0.0"
        }
      },
      "System.Security.Principal.Windows": {
        "type": "Transitive",
        "resolved": "5.0.0",
        "contentHash": "t0MGLukB5WAVU9bO3MGzvlGnyJPgUlcwerXn1kzBRjwLKixT96XV0Uza41W49gVd8zEMFu9vQEFlv0IOrytICA=="
      },
      "System.Text.RegularExpressions": {
        "type": "Transitive",
        "resolved": "4.3.1",
        "contentHash": "N0kNRrWe4+nXOWlpLT4LAY5brb8caNFlUuIRpraCVMDLYutKkol1aV079rQjLuSxKMJT2SpBQsYX9xbcTMmzwg==",
        "dependencies": {
          "System.Runtime": "4.3.1"
        }
      },
      "connect.evaluation": {
        "type": "Project",
        "dependencies": {
          "Microsoft.ClearScript.V8": "[7.5.1.1, )",
          "Microsoft.ClearScript.V8.Native.win-x64": "[7.5.1.1, )"
        }
      }
    }
  }
}